{
  "requires": true,
  "lockfileVersion": 1,
  "dependencies": {
    "bigfloat": {
      "version": "0.1.1",
      "resolved": "https://registry.npmjs.org/bigfloat/-/bigfloat-0.1.1.tgz",
      "integrity": "sha512-kKEqZxc86qgQ6xe8+sN1qQ4XzgksND5QKn6CPrFyQcq/oih+Xk7CaqOD0PKjqar8oO7v4ont5bOHox+LYxD6sQ=="
    }
  }
}
